
Microsoft Visual Studio Solution File, Format Version 12.00
# Visual Studio Version 17
VisualStudioVersion = 17.4.33403.182
MinimumVisualStudioVersion = 10.0.40219.1
Project("{FAE04EC0-301F-11D3-BF4B-00C04F79EFBC}") = "PlayingCards_NH", "PlayingCards_NH.csproj", "{D2DF0DF7-178C-47CA-A2CB-06E913221EA8}"
EndProject
Global
	GlobalSection(SolutionConfigurationPlatforms) = preSolution
		Debug|Any CPU = Debug|Any CPU
		Release|Any CPU = Release|Any CPU
	EndGlobalSection
	GlobalSection(ProjectConfigurationPlatforms) = postSolution
		{D2DF0DF7-178C-47CA-A2CB-06E913221EA8}.Debug|Any CPU.ActiveCfg = Debug|Any CPU
		{D2DF0DF7-178C-47CA-A2CB-06E913221EA8}.Debug|Any CPU.Build.0 = Debug|Any CPU
		{D2DF0DF7-178C-47CA-A2CB-06E913221EA8}.Release|Any CPU.ActiveCfg = Release|Any CPU
		{D2DF0DF7-178C-47CA-A2CB-06E913221EA8}.Release|Any CPU.Build.0 = Release|Any CPU
	EndGlobalSection
	GlobalSection(SolutionProperties) = preSolution
		HideSolutionNode = FALSE
	EndGlobalSection
	GlobalSection(ExtensibilityGlobals) = postSolution
		SolutionGuid = {EF260592-0A06-43BE-9389-891AD0DAECB0}
	EndGlobalSection
EndGlobal
